// !$*UTF8*$!
{
	archiveVersion = 1;
	classes = {
	};
	objectVersion = 48;
	objects = {

/* Begin PBXBuildFile section */
		4717F12B203493DB00C02639 /* AppDelegate.swift in Sources */ = {isa = PBXBuildFile; fileRef = 4717F12A203493DB00C02639 /* AppDelegate.swift */; };
		4717F12D203493DB00C02639 /* toDoViewController.swift in Sources */ = {isa = PBXBuildFile; fileRef = 4717F12C203493DB00C02639 /* toDoViewController.swift */; };
		4717F130203493DB00C02639 /* Main.storyboard in Resources */ = {isa = PBXBuildFile; fileRef = 4717F12E203493DB00C02639 /* Main.storyboard */; };
		4717F132203493DB00C02639 /* Assets.xcassets in Resources */ = {isa = PBXBuildFile; fileRef = 4717F131203493DB00C02639 /* Assets.xcassets */; };
		4717F135203493DB00C02639 /* LaunchScreen.storyboard in Resources */ = {isa = PBXBuildFile; fileRef = 4717F133203493DB00C02639 /* LaunchScreen.storyboard */; };
		4717F140203499EE00C02639 /* addNewToDoViewController.swift in Sources */ = {isa = PBXBuildFile; fileRef = 4717F13F203499EE00C02639 /* addNewToDoViewController.swift */; };
		4717F14320349AA100C02639 /* customisableTextField.swift in Sources */ = {isa = PBXBuildFile; fileRef = 4717F14220349AA100C02639 /* customisableTextField.swift */; };
		4717F14520349AFF00C02639 /* customisableButton.swift in Sources */ = {isa = PBXBuildFile; fileRef = 4717F14420349AFF00C02639 /* customisableButton.swift */; };
		475A72802034B54B000551E8 /* Constants.swift in Sources */ = {isa = PBXBuildFile; fileRef = 475A727F2034B54B000551E8 /* Constants.swift */; };
/* End PBXBuildFile section */

/* Begin PBXFileReference section */
		4717F127203493DB00C02639 /* My To-Do.app */ = {isa = PBXFileReference; explicitFileType = wrapper.application; includeInIndex = 0; path = "My To-Do.app"; sourceTree = BUILT_PRODUCTS_DIR; };
		4717F12A203493DB00C02639 /* AppDelegate.swift */ = {isa = PBXFileReference; lastKnownFileType = sourcecode.swift; path = AppDelegate.swift; sourceTree = "<group>"; };
		4717F12C203493DB00C02639 /* toDoViewController.swift */ = {isa = PBXFileReference; lastKnownFileType = sourcecode.swift; path = toDoViewController.swift; sourceTree = "<group>"; };
		4717F12F203493DB00C02639 /* Base */ = {isa = PBXFileReference; lastKnownFileType = file.storyboard; name = Base; path = Base.lproj/Main.storyboard; sourceTree = "<group>"; };
		4717F131203493DB00C02639 /* Assets.xcassets */ = {isa = PBXFileReference; lastKnownFileType = folder.assetcatalog; path = Assets.xcassets; sourceTree = "<group>"; };
		4717F134203493DB00C02639 /* Base */ = {isa = PBXFileReference; lastKnownFileType = file.storyboard; name = Base; path = Base.lproj/LaunchScreen.storyboard; sourceTree = "<group>"; };
		4717F136203493DB00C02639 /* Info.plist */ = {isa = PBXFileReference; lastKnownFileType = text.plist.xml; path = Info.plist; sourceTree = "<group>"; };
		4717F13F203499EE00C02639 /* addNewToDoViewController.swift */ = {isa = PBXFileReference; lastKnownFileType = sourcecode.swift; path = addNewToDoViewController.swift; sourceTree = "<group>"; };
		4717F14220349AA100C02639 /* customisableTextField.swift */ = {isa = PBXFileReference; lastKnownFileType = sourcecode.swift; path = customisableTextField.swift; sourceTree = "<group>"; };
		4717F14420349AFF00C02639 /* customisableButton.swift */ = {isa = PBXFileReference; lastKnownFileType = sourcecode.swift; path = customisableButton.swift; sourceTree = "<group>"; };
		475A727F2034B54B000551E8 /* Constants.swift */ = {isa = PBXFileReference; lastKnownFileType = sourcecode.swift; path = Constants.swift; sourceTree = "<group>"; };
/* End PBXFileReference section */

/* Begin PBXFrameworksBuildPhase section */
		4717F124203493DB00C02639 /* Frameworks */ = {
			isa = PBXFrameworksBuildPhase;
			buildActionMask = 2147483647;
			files = (
			);
			runOnlyForDeploymentPostprocessing = 0;
		};
/* End PBXFrameworksBuildPhase section */

/* Begin PBXGroup section */
		4717F11E203493DB00C02639 = {
			isa = PBXGroup;
			children = (
				4717F129203493DB00C02639 /* My To-Do */,
				4717F128203493DB00C02639 /* Products */,
			);
			sourceTree = "<group>";
		};
		4717F128203493DB00C02639 /* Products */ = {
			isa = PBXGroup;
			children = (
				4717F127203493DB00C02639 /* My To-Do.app */,
			);
			name = Products;
			sourceTree = "<group>";
		};
		4717F129203493DB00C02639 /* My To-Do */ = {
			isa = PBXGroup;
			children = (
				4717F12A203493DB00C02639 /* AppDelegate.swift */,
				4717F133203493DB00C02639 /* LaunchScreen.storyboard */,
				475A727E2034B53B000551E8 /* Add-Ons */,
				4717F14120349A4100C02639 /* Customisations */,
				4717F13C2034992800C02639 /* All View Controllers */,
				4717F12E203493DB00C02639 /* Main.storyboard */,
				4717F131203493DB00C02639 /* Assets.xcassets */,
				4717F136203493DB00C02639 /* Info.plist */,
			);
			path = "My To-Do";
			sourceTree = "<group>";
		};
		4717F13C2034992800C02639 /* All View Controllers */ = {
			isa = PBXGroup;
			children = (
				4717F13D2034997E00C02639 /* To-Do List ViewController */,
				4717F13E2034998C00C02639 /* Add New To-Do ViewController */,
			);
			path = "All View Controllers";
			sourceTree = "<group>";
		};
		4717F13D2034997E00C02639 /* To-Do List ViewController */ = {
			isa = PBXGroup;
			children = (
				4717F12C203493DB00C02639 /* toDoViewController.swift */,
			);
			path = "To-Do List ViewController";
			sourceTree = "<group>";
		};
		4717F13E2034998C00C02639 /* Add New To-Do ViewController */ = {
			isa = PBXGroup;
			children = (
				4717F13F203499EE00C02639 /* addNewToDoViewController.swift */,
			);
			path = "Add New To-Do ViewController";
			sourceTree = "<group>";
		};
		4717F14120349A4100C02639 /* Customisations */ = {
			isa = PBXGroup;
			children = (
				4717F14220349AA100C02639 /* customisableTextField.swift */,
				4717F14420349AFF00C02639 /* customisableButton.swift */,
			);
			path = Customisations;
			sourceTree = "<group>";
		};
		475A727E2034B53B000551E8 /* Add-Ons */ = {
			isa = PBXGroup;
			children = (
				475A727F2034B54B000551E8 /* Constants.swift */,
			);
			path = "Add-Ons";
			sourceTree = "<group>";
		};
/* End PBXGroup section */

/* Begin PBXNativeTarget section */
		4717F126203493DB00C02639 /* My To-Do */ = {
			isa = PBXNativeTarget;
			buildConfigurationList = 4717F139203493DB00C02639 /* Build configuration list for PBXNativeTarget "My To-Do" */;
			buildPhases = (
				4717F123203493DB00C02639 /* Sources */,
				4717F124203493DB00C02639 /* Frameworks */,
				4717F125203493DB00C02639 /* Resources */,
			);
			buildRules = (
			);
			dependencies = (
			);
			name = "My To-Do";
			productName = "My To-Do";
			productReference = 4717F127203493DB00C02639 /* My To-Do.app */;
			productType = "com.apple.product-type.application";
		};
/* End PBXNativeTarget section */

/* Begin PBXProject section */
		4717F11F203493DB00C02639 /* Project object */ = {
			isa = PBXProject;
			attributes = {
				LastSwiftUpdateCheck = 0920;
				LastUpgradeCheck = 0920;
				ORGANIZATIONNAME = "Mark Lucas";
				TargetAttributes = {
					4717F126203493DB00C02639 = {
						CreatedOnToolsVersion = 9.2;
						ProvisioningStyle = Automatic;
					};
				};
			};
			buildConfigurationList = 4717F122203493DB00C02639 /* Build configuration list for PBXProject "My To-Do" */;
			compatibilityVersion = "Xcode 8.0";
			developmentRegion = en;
			hasScannedForEncodings = 0;
			knownRegions = (
				en,
				Base,
			);
			mainGroup = 4717F11E203493DB00C02639;
			productRefGroup = 4717F128203493DB00C02639 /* Products */;
			projectDirPath = "";
			projectRoot = "";
			targets = (
				4717F126203493DB00C02639 /* My To-Do */,
			);
		};
/* End PBXProject section */

/* Begin PBXResourcesBuildPhase section */
		4717F125203493DB00C02639 /* Resources */ = {
			isa = PBXResourcesBuildPhase;
			buildActionMask = 2147483647;
			files = (
				4717F135203493DB00C02639 /* LaunchScreen.storyboard in Resources */,
				4717F132203493DB00C02639 /* Assets.xcassets in Resources */,
				4717F130203493DB00C02639 /* Main.storyboard in Resources */,
			);
			runOnlyForDeploymentPostprocessing = 0;
		};
/* End PBXResourcesBuildPhase section */

/* Begin PBXSourcesBuildPhase section */
		4717F123203493DB00C02639 /* Sources */ = {
			isa = PBXSourcesBuildPhase;
			buildActionMask = 2147483647;
			files = (
				4717F14520349AFF00C02639 /* customisableButton.swift in Sources */,
				4717F140203499EE00C02639 /* addNewToDoViewController.swift in Sources */,
				4717F12D203493DB00C02639 /* toDoViewController.swift in Sources */,
				4717F14320349AA100C02639 /* customisableTextField.swift in Sources */,
				4717F12B203493DB00C02639 /* AppDelegate.swift in Sources */,
				475A72802034B54B000551E8 /* Constants.swift in Sources */,
			);
			runOnlyForDeploymentPostprocessing = 0;
		};
/* End PBXSourcesBuildPhase section */

/* Begin PBXVariantGroup section */
		4717F12E203493DB00C02639 /* Main.storyboard */ = {
			isa = PBXVariantGroup;
			children = (
				4717F12F203493DB00C02639 /* Base */,
			);
			name = Main.storyboard;
			sourceTree = "<group>";
		};
		4717F133203493DB00C02639 /* LaunchScreen.storyboard */ = {
			isa = PBXVariantGroup;
			children = (
				4717F134203493DB00C02639 /* Base */,
			);
			name = LaunchScreen.storyboard;
			sourceTree = "<group>";
		};
/* End PBXVariantGroup section */

/* Begin XCBuildConfiguration section */
		4717F137203493DB00C02639 /* Debug */ = {
			isa = XCBuildConfiguration;
			buildSettings = {
				ALWAYS_SEARCH_USER_PATHS = NO;
				CLANG_ANALYZER_NONNULL = YES;
				CLANG_ANALYZER_NUMBER_OBJECT_CONVERSION = YES_AGGRESSIVE;
				CLANG_CXX_LANGUAGE_STANDARD = "gnu++14";
				CLANG_CXX_LIBRARY = "libc++";
				CLANG_ENABLE_MODULES = YES;
				CLANG_ENABLE_OBJC_ARC = YES;
				CLANG_WARN_BLOCK_CAPTURE_AUTORELEASING = YES;
				CLANG_WARN_BOOL_CONVERSION = YES;
				CLANG_WARN_COMMA = YES;
				CLANG_WARN_CONSTANT_CONVERSION = YES;
				CLANG_WARN_DIRECT_OBJC_ISA_USAGE = YES_ERROR;
				CLANG_WARN_DOCUMENTATION_COMMENTS = YES;
				CLANG_WARN_EMPTY_BODY = YES;
				CLANG_WARN_ENUM_CONVERSION = YES;
				CLANG_WARN_INFINITE_RECURSION = YES;
				CLANG_WARN_INT_CONVERSION = YES;
				CLANG_WARN_NON_LITERAL_NULL_CONVERSION = YES;
				CLANG_WARN_OBJC_LITERAL_CONVERSION = YES;
				CLANG_WARN_OBJC_ROOT_CLASS = YES_ERROR;
				CLANG_WARN_RANGE_LOOP_ANALYSIS = YES;
				CLANG_WARN_STRICT_PROTOTYPES = YES;
				CLANG_WARN_SUSPICIOUS_MOVE = YES;
				CLANG_WARN_UNGUARDED_AVAILABILITY = YES_AGGRESSIVE;
				CLANG_WARN_UNREACHABLE_CODE = YES;
				CLANG_WARN__DUPLICATE_METHOD_MATCH = YES;
				CODE_SIGN_IDENTITY = "iPhone Developer";
				COPY_PHASE_STRIP = NO;
				DEBUG_INFORMATION_FORMAT = dwarf;
				ENABLE_STRICT_OBJC_MSGSEND = YES;
				ENABLE_TESTABILITY = YES;
				GCC_C_LANGUAGE_STANDARD = gnu11;
				GCC_DYNAMIC_NO_PIC = NO;
				GCC_NO_COMMON_BLOCKS = YES;
				GCC_OPTIMIZATION_LEVEL = 0;
				GCC_PREPROCESSOR_DEFINITIONS = (
					"DEBUG=1",
					"$(inherited)",
				);
				GCC_WARN_64_TO_32_BIT_CONVERSION = YES;
				GCC_WARN_ABOUT_RETURN_TYPE = YES_ERROR;
				GCC_WARN_UNDECLARED_SELECTOR = YES;
				GCC_WARN_UNINITIALIZED_AUTOS = YES_AGGRESSIVE;
				GCC_WARN_UNUSED_FUNCTION = YES;
				GCC_WARN_UNUSED_VARIABLE = YES;
				IPHONEOS_DEPLOYMENT_TARGET = 11.2;
				MTL_ENABLE_DEBUG_INFO = YES;
				ONLY_ACTIVE_ARCH = YES;
				SDKROOT = iphoneos;
				SWIFT_ACTIVE_COMPILATION_CONDITIONS = DEBUG;
				SWIFT_OPTIMIZATION_LEVEL = "-Onone";
			};
			name = Debug;
		};
		4717F138203493DB00C02639 /* Release */ = {
			isa = XCBuildConfiguration;
			buildSettings = {
				ALWAYS_SEARCH_USER_PATHS = NO;
				CLANG_ANALYZER_NONNULL = YES;
				CLANG_ANALYZER_NUMBER_OBJECT_CONVERSION = YES_AGGRESSIVE;
				CLANG_CXX_LANGUAGE_STANDARD = "gnu++14";
				CLANG_CXX_LIBRARY = "libc++";
				CLANG_ENABLE_MODULES = YES;
				CLANG_ENABLE_OBJC_ARC = YES;
				CLANG_WARN_BLOCK_CAPTURE_AUTORELEASING = YES;
				CLANG_WARN_BOOL_CONVERSION = YES;
				CLANG_WARN_COMMA = YES;
				CLANG_WARN_CONSTANT_CONVERSION = YES;
				CLANG_WARN_DIRECT_OBJC_ISA_USAGE = YES_ERROR;
				CLANG_WARN_DOCUMENTATION_COMMENTS = YES;
				CLANG_WARN_EMPTY_BODY = YES;
				CLANG_WARN_ENUM_CONVERSION = YES;
				CLANG_WARN_INFINITE_RECURSION = YES;
				CLANG_WARN_INT_CONVERSION = YES;
				CLANG_WARN_NON_LITERAL_NULL_CONVERSION = YES;
				CLANG_WARN_OBJC_LITERAL_CONVERSION = YES;
				CLANG_WARN_OBJC_ROOT_CLASS = YES_ERROR;
				CLANG_WARN_RANGE_LOOP_ANALYSIS = YES;
				CLANG_WARN_STRICT_PROTOTYPES = YES;
				CLANG_WARN_SUSPICIOUS_MOVE = YES;
				CLANG_WARN_UNGUARDED_AVAILABILITY = YES_AGGRESSIVE;
				CLANG_WARN_UNREACHABLE_CODE = YES;
				CLANG_WARN__DUPLICATE_METHOD_MATCH = YES;
				CODE_SIGN_IDENTITY = "iPhone Developer";
				COPY_PHASE_STRIP = NO;
				DEBUG_INFORMATION_FORMAT = "dwarf-with-dsym";
				ENABLE_NS_ASSERTIONS = NO;
				ENABLE_STRICT_OBJC_MSGSEND = YES;
				GCC_C_LANGUAGE_STANDARD = gnu11;
				GCC_NO_COMMON_BLOCKS = YES;
				GCC_WARN_64_TO_32_BIT_CONVERSION = YES;
				GCC_WARN_ABOUT_RETURN_TYPE = YES_ERROR;
				GCC_WARN_UNDECLARED_SELECTOR = YES;
				GCC_WARN_UNINITIALIZED_AUTOS = YES_AGGRESSIVE;
				GCC_WARN_UNUSED_FUNCTION = YES;
				GCC_WARN_UNUSED_VARIABLE = YES;
				IPHONEOS_DEPLOYMENT_TARGET = 11.2;
				MTL_ENABLE_DEBUG_INFO = NO;
				SDKROOT = iphoneos;
				SWIFT_OPTIMIZATION_LEVEL = "-Owholemodule";
				VALIDATE_PRODUCT = YES;
			};
			name = Release;
		};
		4717F13A203493DB00C02639 /* Debug */ = {
			isa = XCBuildConfiguration;
			buildSettings = {
				ASSETCATALOG_COMPILER_APPICON_NAME = AppIcon;
				CODE_SIGN_STYLE = Automatic;
				DEVELOPMENT_TEAM = XMD646LNDS;
				INFOPLIST_FILE = "My To-Do/Info.plist";
				LD_RUNPATH_SEARCH_PATHS = "$(inherited) @executable_path/Frameworks";
				PRODUCT_BUNDLE_IDENTIFIER = "co.uk.mjlucas.My-To-Do";
				PRODUCT_NAME = "$(TARGET_NAME)";
				SWIFT_VERSION = 4.0;
				TARGETED_DEVICE_FAMILY = 1;
			};
			name = Debug;
		};
		4717F13B203493DB00C02639 /* Release */ = {
			isa = XCBuildConfiguration;
			buildSettings = {
				ASSETCATALOG_COMPILER_APPICON_NAME = AppIcon;
				CODE_SIGN_STYLE = Automatic;
				DEVELOPMENT_TEAM = XMD646LNDS;
				INFOPLIST_FILE = "My To-Do/Info.plist";
				LD_RUNPATH_SEARCH_PATHS = "$(inherited) @executable_path/Frameworks";
				PRODUCT_BUNDLE_IDENTIFIER = "co.uk.mjlucas.My-To-Do";
				PRODUCT_NAME = "$(TARGET_NAME)";
				SWIFT_VERSION = 4.0;
				TARGETED_DEVICE_FAMILY = 1;
			};
			name = Release;
		};
/* End XCBuildConfiguration section */

/* Begin XCConfigurationList section */
		4717F122203493DB00C02639 /* Build configuration list for PBXProject "My To-Do" */ = {
			isa = XCConfigurationList;
			buildConfigurations = (
				4717F137203493DB00C02639 /* Debug */,
				4717F138203493DB00C02639 /* Release */,
			);
			defaultConfigurationIsVisible = 0;
			defaultConfigurationName = Release;
		};
		4717F139203493DB00C02639 /* Build configuration list for PBXNativeTarget "My To-Do" */ = {
			isa = XCConfigurationList;
			buildConfigurations = (
				4717F13A203493DB00C02639 /* Debug */,
				4717F13B203493DB00C02639 /* Release */,
			);
			defaultConfigurationIsVisible = 0;
			defaultConfigurationName = Release;
		};
/* End XCConfigurationList section */
	};
	rootObject = 4717F11F203493DB00C02639 /* Project object */;
}
